
Microsoft Visual Studio Solution File, Format Version 12.00
# Visual Studio Version 16
VisualStudioVersion = 16.0.31727.386
MinimumVisualStudioVersion = 10.0.40219.1
Project("{9A19103F-16F7-4668-BE54-9A1E7A4F7556}") = "Base", "Base\Base.csproj", "{36BE46D9-14DD-4D27-B8D3-491DD375CA19}"
EndProject
Project("{2150E333-8FDC-42A3-9474-1A3956D46DE8}") = "basic", "basic", "{793F1BFD-F180-42BA-9734-5E044B2B643D}"
EndProject
Project("{2150E333-8FDC-42A3-9474-1A3956D46DE8}") = "oauth", "oauth", "{88E3363E-4F32-4D04-83C5-26130587A942}"
EndProject
Project("{9A19103F-16F7-4668-BE54-9A1E7A4F7556}") = "Server", "Server\Server.csproj", "{28274724-ACC6-43B3-B889-6FB39BEBAA05}"
EndProject
Project("{9A19103F-16F7-4668-BE54-9A1E7A4F7556}") = "Client", "Client\Client.csproj", "{AA73D810-EB15-4139-9A69-0C8BB890B713}"
EndProject
Project("{9A19103F-16F7-4668-BE54-9A1E7A4F7556}") = "Api", "Api\Api.csproj", "{BBCDCFF8-1408-4B4B-8E40-B9E493454060}"
EndProject
Project("{2150E333-8FDC-42A3-9474-1A3956D46DE8}") = "IdentityServer4", "IdentityServer4", "{7B498546-CDE6-4BDA-AE84-BF2920AD637A}"
EndProject
Project("{9A19103F-16F7-4668-BE54-9A1E7A4F7556}") = "ApiTwo", "ApiTwo\ApiTwo.csproj", "{CA24714B-DF8F-4B79-9898-21BD99F1AE48}"
EndProject
Project("{9A19103F-16F7-4668-BE54-9A1E7A4F7556}") = "MvcClient", "MvcClient\MvcClient.csproj", "{C39624F4-CDD9-49C2-B5F7-61410E3D7C03}"
EndProject
Project("{9A19103F-16F7-4668-BE54-9A1E7A4F7556}") = "IdentityServer", "IdentityServer\IdentityServer.csproj", "{7540AC0A-56A2-4632-918F-13A00F375F82}"
EndProject
Project("{9A19103F-16F7-4668-BE54-9A1E7A4F7556}") = "ApiOne", "ApiOne\ApiOne.csproj", "{24FAECBB-8272-499F-A600-5371849A468F}"
EndProject
Project("{FAE04EC0-301F-11D3-BF4B-00C04F79EFBC}") = "JavascriptClient", "JavascriptClient\JavascriptClient.csproj", "{3B403953-652F-4432-B7FC-C85FD91B1893}"
EndProject
Global
	GlobalSection(SolutionConfigurationPlatforms) = preSolution
		Debug|Any CPU = Debug|Any CPU
		Release|Any CPU = Release|Any CPU
	EndGlobalSection
	GlobalSection(ProjectConfigurationPlatforms) = postSolution
		{36BE46D9-14DD-4D27-B8D3-491DD375CA19}.Debug|Any CPU.ActiveCfg = Debug|Any CPU
		{36BE46D9-14DD-4D27-B8D3-491DD375CA19}.Debug|Any CPU.Build.0 = Debug|Any CPU
		{36BE46D9-14DD-4D27-B8D3-491DD375CA19}.Release|Any CPU.ActiveCfg = Release|Any CPU
		{36BE46D9-14DD-4D27-B8D3-491DD375CA19}.Release|Any CPU.Build.0 = Release|Any CPU
		{28274724-ACC6-43B3-B889-6FB39BEBAA05}.Debug|Any CPU.ActiveCfg = Debug|Any CPU
		{28274724-ACC6-43B3-B889-6FB39BEBAA05}.Debug|Any CPU.Build.0 = Debug|Any CPU
		{28274724-ACC6-43B3-B889-6FB39BEBAA05}.Release|Any CPU.ActiveCfg = Release|Any CPU
		{28274724-ACC6-43B3-B889-6FB39BEBAA05}.Release|Any CPU.Build.0 = Release|Any CPU
		{AA73D810-EB15-4139-9A69-0C8BB890B713}.Debug|Any CPU.ActiveCfg = Debug|Any CPU
		{AA73D810-EB15-4139-9A69-0C8BB890B713}.Debug|Any CPU.Build.0 = Debug|Any CPU
		{AA73D810-EB15-4139-9A69-0C8BB890B713}.Release|Any CPU.ActiveCfg = Release|Any CPU
		{AA73D810-EB15-4139-9A69-0C8BB890B713}.Release|Any CPU.Build.0 = Release|Any CPU
		{BBCDCFF8-1408-4B4B-8E40-B9E493454060}.Debug|Any CPU.ActiveCfg = Debug|Any CPU
		{BBCDCFF8-1408-4B4B-8E40-B9E493454060}.Debug|Any CPU.Build.0 = Debug|Any CPU
		{BBCDCFF8-1408-4B4B-8E40-B9E493454060}.Release|Any CPU.ActiveCfg = Release|Any CPU
		{BBCDCFF8-1408-4B4B-8E40-B9E493454060}.Release|Any CPU.Build.0 = Release|Any CPU
		{CA24714B-DF8F-4B79-9898-21BD99F1AE48}.Debug|Any CPU.ActiveCfg = Debug|Any CPU
		{CA24714B-DF8F-4B79-9898-21BD99F1AE48}.Debug|Any CPU.Build.0 = Debug|Any CPU
		{CA24714B-DF8F-4B79-9898-21BD99F1AE48}.Release|Any CPU.ActiveCfg = Release|Any CPU
		{CA24714B-DF8F-4B79-9898-21BD99F1AE48}.Release|Any CPU.Build.0 = Release|Any CPU
		{C39624F4-CDD9-49C2-B5F7-61410E3D7C03}.Debug|Any CPU.ActiveCfg = Debug|Any CPU
		{C39624F4-CDD9-49C2-B5F7-61410E3D7C03}.Debug|Any CPU.Build.0 = Debug|Any CPU
		{C39624F4-CDD9-49C2-B5F7-61410E3D7C03}.Release|Any CPU.ActiveCfg = Release|Any CPU
		{C39624F4-CDD9-49C2-B5F7-61410E3D7C03}.Release|Any CPU.Build.0 = Release|Any CPU
		{7540AC0A-56A2-4632-918F-13A00F375F82}.Debug|Any CPU.ActiveCfg = Debug|Any CPU
		{7540AC0A-56A2-4632-918F-13A00F375F82}.Debug|Any CPU.Build.0 = Debug|Any CPU
		{7540AC0A-56A2-4632-918F-13A00F375F82}.Release|Any CPU.ActiveCfg = Release|Any CPU
		{7540AC0A-56A2-4632-918F-13A00F375F82}.Release|Any CPU.Build.0 = Release|Any CPU
		{24FAECBB-8272-499F-A600-5371849A468F}.Debug|Any CPU.ActiveCfg = Debug|Any CPU
		{24FAECBB-8272-499F-A600-5371849A468F}.Debug|Any CPU.Build.0 = Debug|Any CPU
		{24FAECBB-8272-499F-A600-5371849A468F}.Release|Any CPU.ActiveCfg = Release|Any CPU
		{24FAECBB-8272-499F-A600-5371849A468F}.Release|Any CPU.Build.0 = Release|Any CPU
		{3B403953-652F-4432-B7FC-C85FD91B1893}.Debug|Any CPU.ActiveCfg = Debug|Any CPU
		{3B403953-652F-4432-B7FC-C85FD91B1893}.Debug|Any CPU.Build.0 = Debug|Any CPU
		{3B403953-652F-4432-B7FC-C85FD91B1893}.Release|Any CPU.ActiveCfg = Release|Any CPU
		{3B403953-652F-4432-B7FC-C85FD91B1893}.Release|Any CPU.Build.0 = Release|Any CPU
	EndGlobalSection
	GlobalSection(SolutionProperties) = preSolution
		HideSolutionNode = FALSE
	EndGlobalSection
	GlobalSection(NestedProjects) = preSolution
		{36BE46D9-14DD-4D27-B8D3-491DD375CA19} = {793F1BFD-F180-42BA-9734-5E044B2B643D}
		{28274724-ACC6-43B3-B889-6FB39BEBAA05} = {88E3363E-4F32-4D04-83C5-26130587A942}
		{AA73D810-EB15-4139-9A69-0C8BB890B713} = {88E3363E-4F32-4D04-83C5-26130587A942}
		{BBCDCFF8-1408-4B4B-8E40-B9E493454060} = {88E3363E-4F32-4D04-83C5-26130587A942}
		{CA24714B-DF8F-4B79-9898-21BD99F1AE48} = {7B498546-CDE6-4BDA-AE84-BF2920AD637A}
		{C39624F4-CDD9-49C2-B5F7-61410E3D7C03} = {7B498546-CDE6-4BDA-AE84-BF2920AD637A}
		{7540AC0A-56A2-4632-918F-13A00F375F82} = {7B498546-CDE6-4BDA-AE84-BF2920AD637A}
		{24FAECBB-8272-499F-A600-5371849A468F} = {7B498546-CDE6-4BDA-AE84-BF2920AD637A}
		{3B403953-652F-4432-B7FC-C85FD91B1893} = {7B498546-CDE6-4BDA-AE84-BF2920AD637A}
	EndGlobalSection
	GlobalSection(ExtensibilityGlobals) = postSolution
		SolutionGuid = {9E5CCBA6-91C8-4D51-BA51-C9E427FE3702}
	EndGlobalSection
EndGlobal
